
Microsoft Visual Studio Solution File, Format Version 12.00
# Visual Studio Version 16
VisualStudioVersion = 16.0.32901.82
MinimumVisualStudioVersion = 10.0.40219.1
Project("{FAE04EC0-301F-11D3-BF4B-00C04F79EFBC}") = "ConsAppPhonebook", "ConsAppPhonebook\ConsAppPhonebook.csproj", "{0E359F28-2F74-4469-95D4-01397F8CBE6E}"
EndProject
Global
	GlobalSection(SolutionConfigurationPlatforms) = preSolution
		Debug|Any CPU = Debug|Any CPU
		Release|Any CPU = Release|Any CPU
	EndGlobalSection
	GlobalSection(ProjectConfigurationPlatforms) = postSolution
		{0E359F28-2F74-4469-95D4-01397F8CBE6E}.Debug|Any CPU.ActiveCfg = Debug|Any CPU
		{0E359F28-2F74-4469-95D4-01397F8CBE6E}.Debug|Any CPU.Build.0 = Debug|Any CPU
		{0E359F28-2F74-4469-95D4-01397F8CBE6E}.Release|Any CPU.ActiveCfg = Release|Any CPU
		{0E359F28-2F74-4469-95D4-01397F8CBE6E}.Release|Any CPU.Build.0 = Release|Any CPU
	EndGlobalSection
	GlobalSection(SolutionProperties) = preSolution
		HideSolutionNode = FALSE
	EndGlobalSection
	GlobalSection(ExtensibilityGlobals) = postSolution
		SolutionGuid = {E2C6BD41-D7E0-4816-B44E-65164928FFCB}
	EndGlobalSection
EndGlobal
